
Microsoft Visual Studio Solution File, Format Version 10.00
# Visual Studio 2008
Project("{2857B73E-F847-4B02-9238-064979017E93}") = "liblastfmfpBridge", "liblastfmfpBridge.cproj", "{701B2CAC-935F-47DB-A7F5-29DFDB4CAF8C}"
EndProject
Global
	GlobalSection(SolutionConfigurationPlatforms) = preSolution
		Debug|Any CPU = Debug|Any CPU
		Release|Any CPU = Release|Any CPU
	EndGlobalSection
	GlobalSection(ProjectConfigurationPlatforms) = postSolution
		{701B2CAC-935F-47DB-A7F5-29DFDB4CAF8C}.Debug|Any CPU.ActiveCfg = Debug|Any CPU
		{701B2CAC-935F-47DB-A7F5-29DFDB4CAF8C}.Debug|Any CPU.Build.0 = Debug|Any CPU
		{701B2CAC-935F-47DB-A7F5-29DFDB4CAF8C}.Release|Any CPU.ActiveCfg = Release|Any CPU
		{701B2CAC-935F-47DB-A7F5-29DFDB4CAF8C}.Release|Any CPU.Build.0 = Release|Any CPU
	EndGlobalSection
	GlobalSection(MonoDevelopProperties) = preSolution
		StartupItem = liblastfmfpBridge.cproj
	EndGlobalSection
EndGlobal
